{
  "version": 4,
  "terraform_version": "1.5.0",
  "serial": 1,
  "lineage": "compute",
  "outputs": {},
  "resources": [
    {
      "mode": "managed",
      "type": "google_compute_instance",
      "name": "app_server",
      "provider": "provider[\"registry.terraform.io/hashicorp/google\"]",
      "instances": [
        {
          "attributes": {
            "name": "app-server-1",
            "machine_type": "e2-medium",
            "zone": "us-central1-a",
            "network": "projects/myproj/global/networks/shared-vpc",
            "subnetwork": "projects/myproj/regions/us-central1/subnetworks/app-subnet"
          },
          "dependencies": [
            "google_compute_network.main_vpc",
            "google_compute_subnetwork.app_subnet"
          ]
        }
      ]
    }
  ]
}
