{
  "version": 4,
  "terraform_version": "1.5.0",
  "serial": 1,
  "lineage": "test",
  "outputs": {},
  "resources": [
    {
      "mode": "managed",
      "type": "google_compute_instance",
      "name": "web",
      "provider": "provider[\"registry.terraform.io/hashicorp/google\"]",
      "instances": [
        {
          "attributes": {
            "name": "web-prod-1",
            "machine_type": "e2-medium",
            "zone": "us-central1-a",
            "network": "projects/myproj/global/networks/prod-vpc",
            "subnetwork": "projects/myproj/regions/us-central1/subnetworks/prod-subnet",
            "tags": {"env": "prod", "role": "web"}
          },
          "dependencies": [
            "google_compute_network.prod_vpc",
            "google_compute_subnetwork.prod_subnet"
          ]
        }
      ]
    },
    {
      "mode": "managed",
      "type": "google_compute_network",
      "name": "prod_vpc",
      "provider": "provider[\"registry.terraform.io/hashicorp/google\"]",
      "instances": [
        {
          "attributes": {
            "name": "prod-vpc",
            "project": "myproj",
            "auto_create_subnetworks": false
          },
          "dependencies": []
        }
      ]
    },
    {
      "mode": "managed",
      "type": "google_compute_subnetwork",
      "name": "prod_subnet",
      "provider": "provider[\"registry.terraform.io/hashicorp/google\"]",
      "instances": [
        {
          "attributes": {
            "name": "prod-subnet",
            "network": "projects/myproj/global/networks/prod-vpc",
            "region": "us-central1",
            "ip_cidr_range": "10.0.0.0/24"
          },
          "dependencies": [
            "google_compute_network.prod_vpc"
          ]
        }
      ]
    },
    {
      "mode": "managed",
      "type": "google_sql_database_instance",
      "name": "main_db",
      "provider": "provider[\"registry.terraform.io/hashicorp/google\"]",
      "instances": [
        {
          "attributes": {
            "name": "cloudsql-prod",
            "database_version": "POSTGRES_15",
            "region": "us-central1",
            "project": "myproj"
          },
          "dependencies": [
            "google_compute_network.prod_vpc"
          ]
        }
      ]
    },
    {
      "mode": "managed",
      "type": "google_dns_record_set",
      "name": "web_dns",
      "provider": "provider[\"registry.terraform.io/hashicorp/google\"]",
      "instances": [
        {
          "attributes": {
            "name": "web.example.com",
            "type": "A",
            "ttl": 300
          },
          "dependencies": [
            "google_compute_instance.web"
          ]
        }
      ]
    },
    {
      "mode": "managed",
      "type": "google_storage_bucket",
      "name": "assets",
      "provider": "provider[\"registry.terraform.io/hashicorp/google\"]",
      "instances": [
        {
          "attributes": {
            "name": "myproj-assets",
            "location": "US",
            "project": "myproj"
          },
          "dependencies": []
        }
      ]
    }
  ]
}
